// !$*UTF8*$!
{
	archiveVersion = 1;
	classes = {
	};
	objectVersion = 56;
	objects = {

/* Begin PBXBuildFile section */
		526191092A819D5B0026F4C8 /* E_comAppApp.swift in Sources */ = {isa = PBXBuildFile; fileRef = 526191082A819D5B0026F4C8 /* E_comAppApp.swift */; };
		5261910B2A819D5B0026F4C8 /* ContentView.swift in Sources */ = {isa = PBXBuildFile; fileRef = 5261910A2A819D5B0026F4C8 /* ContentView.swift */; };
		5261910D2A819D600026F4C8 /* Assets.xcassets in Resources */ = {isa = PBXBuildFile; fileRef = 5261910C2A819D600026F4C8 /* Assets.xcassets */; };
		526191102A819D600026F4C8 /* Preview Assets.xcassets in Resources */ = {isa = PBXBuildFile; fileRef = 5261910F2A819D600026F4C8 /* Preview Assets.xcassets */; };
		5261911A2A819D600026F4C8 /* E_comAppTests.swift in Sources */ = {isa = PBXBuildFile; fileRef = 526191192A819D600026F4C8 /* E_comAppTests.swift */; };
		526191242A819D610026F4C8 /* E_comAppUITests.swift in Sources */ = {isa = PBXBuildFile; fileRef = 526191232A819D610026F4C8 /* E_comAppUITests.swift */; };
		526191262A819D610026F4C8 /* E_comAppUITestsLaunchTests.swift in Sources */ = {isa = PBXBuildFile; fileRef = 526191252A819D610026F4C8 /* E_comAppUITestsLaunchTests.swift */; };
		526191342A828BFE0026F4C8 /* Product.swift in Sources */ = {isa = PBXBuildFile; fileRef = 526191332A828BFE0026F4C8 /* Product.swift */; };
		526191372A8294EB0026F4C8 /* ImageSlideView.swift in Sources */ = {isa = PBXBuildFile; fileRef = 526191362A8294EB0026F4C8 /* ImageSlideView.swift */; };
		526191392A829AAA0026F4C8 /* ProductCardView.swift in Sources */ = {isa = PBXBuildFile; fileRef = 526191382A829AAA0026F4C8 /* ProductCardView.swift */; };
		5261913B2A829AB70026F4C8 /* SearchView.swift in Sources */ = {isa = PBXBuildFile; fileRef = 5261913A2A829AB70026F4C8 /* SearchView.swift */; };
		5261913D2A829D3F0026F4C8 /* CartManager.swift in Sources */ = {isa = PBXBuildFile; fileRef = 5261913C2A829D3F0026F4C8 /* CartManager.swift */; };
		5261913F2A82ADDF0026F4C8 /* CartButton.swift in Sources */ = {isa = PBXBuildFile; fileRef = 5261913E2A82ADDF0026F4C8 /* CartButton.swift */; };
		526191422A82B4070026F4C8 /* HomePageView.swift in Sources */ = {isa = PBXBuildFile; fileRef = 526191412A82B4070026F4C8 /* HomePageView.swift */; };
		526F57D72A82F2E60044F8C6 /* CartProductView.swift in Sources */ = {isa = PBXBuildFile; fileRef = 526F57D62A82F2E60044F8C6 /* CartProductView.swift */; };
		526F57D92A82F6980044F8C6 /* CardView.swift in Sources */ = {isa = PBXBuildFile; fileRef = 526F57D82A82F6980044F8C6 /* CardView.swift */; };
		526F57DB2A82FB7E0044F8C6 /* PaymentButton.swift in Sources */ = {isa = PBXBuildFile; fileRef = 526F57DA2A82FB7E0044F8C6 /* PaymentButton.swift */; };
		526F57DD2A83B2760044F8C6 /* ProductDetialsView.swift in Sources */ = {isa = PBXBuildFile; fileRef = 526F57DC2A83B2760044F8C6 /* ProductDetialsView.swift */; };
/* End PBXBuildFile section */

/* Begin PBXContainerItemProxy section */
		526191162A819D600026F4C8 /* PBXContainerItemProxy */ = {
			isa = PBXContainerItemProxy;
			containerPortal = 526190FD2A819D5B0026F4C8 /* Project object */;
			proxyType = 1;
			remoteGlobalIDString = 526191042A819D5B0026F4C8;
			remoteInfo = "E-comApp";
		};
		526191202A819D610026F4C8 /* PBXContainerItemProxy */ = {
			isa = PBXContainerItemProxy;
			containerPortal = 526190FD2A819D5B0026F4C8 /* Project object */;
			proxyType = 1;
			remoteGlobalIDString = 526191042A819D5B0026F4C8;
			remoteInfo = "E-comApp";
		};
/* End PBXContainerItemProxy section */

/* Begin PBXFileReference section */
		526191052A819D5B0026F4C8 /* E-comApp.app */ = {isa = PBXFileReference; explicitFileType = wrapper.application; includeInIndex = 0; path = "E-comApp.app"; sourceTree = BUILT_PRODUCTS_DIR; };
		526191082A819D5B0026F4C8 /* E_comAppApp.swift */ = {isa = PBXFileReference; lastKnownFileType = sourcecode.swift; path = E_comAppApp.swift; sourceTree = "<group>"; };
		5261910A2A819D5B0026F4C8 /* ContentView.swift */ = {isa = PBXFileReference; lastKnownFileType = sourcecode.swift; path = ContentView.swift; sourceTree = "<group>"; };
		5261910C2A819D600026F4C8 /* Assets.xcassets */ = {isa = PBXFileReference; lastKnownFileType = folder.assetcatalog; path = Assets.xcassets; sourceTree = "<group>"; };
		5261910F2A819D600026F4C8 /* Preview Assets.xcassets */ = {isa = PBXFileReference; lastKnownFileType = folder.assetcatalog; path = "Preview Assets.xcassets"; sourceTree = "<group>"; };
		526191152A819D600026F4C8 /* E-comAppTests.xctest */ = {isa = PBXFileReference; explicitFileType = wrapper.cfbundle; includeInIndex = 0; path = "E-comAppTests.xctest"; sourceTree = BUILT_PRODUCTS_DIR; };
		526191192A819D600026F4C8 /* E_comAppTests.swift */ = {isa = PBXFileReference; lastKnownFileType = sourcecode.swift; path = E_comAppTests.swift; sourceTree = "<group>"; };
		5261911F2A819D610026F4C8 /* E-comAppUITests.xctest */ = {isa = PBXFileReference; explicitFileType = wrapper.cfbundle; includeInIndex = 0; path = "E-comAppUITests.xctest"; sourceTree = BUILT_PRODUCTS_DIR; };
		526191232A819D610026F4C8 /* E_comAppUITests.swift */ = {isa = PBXFileReference; lastKnownFileType = sourcecode.swift; path = E_comAppUITests.swift; sourceTree = "<group>"; };
		526191252A819D610026F4C8 /* E_comAppUITestsLaunchTests.swift */ = {isa = PBXFileReference; lastKnownFileType = sourcecode.swift; path = E_comAppUITestsLaunchTests.swift; sourceTree = "<group>"; };
		526191332A828BFE0026F4C8 /* Product.swift */ = {isa = PBXFileReference; lastKnownFileType = sourcecode.swift; path = Product.swift; sourceTree = "<group>"; };
		526191362A8294EB0026F4C8 /* ImageSlideView.swift */ = {isa = PBXFileReference; lastKnownFileType = sourcecode.swift; path = ImageSlideView.swift; sourceTree = "<group>"; };
		526191382A829AAA0026F4C8 /* ProductCardView.swift */ = {isa = PBXFileReference; lastKnownFileType = sourcecode.swift; path = ProductCardView.swift; sourceTree = "<group>"; };
		5261913A2A829AB70026F4C8 /* SearchView.swift */ = {isa = PBXFileReference; lastKnownFileType = sourcecode.swift; path = SearchView.swift; sourceTree = "<group>"; };
		5261913C2A829D3F0026F4C8 /* CartManager.swift */ = {isa = PBXFileReference; lastKnownFileType = sourcecode.swift; path = CartManager.swift; sourceTree = "<group>"; };
		5261913E2A82ADDF0026F4C8 /* CartButton.swift */ = {isa = PBXFileReference; lastKnownFileType = sourcecode.swift; path = CartButton.swift; sourceTree = "<group>"; };
		526191412A82B4070026F4C8 /* HomePageView.swift */ = {isa = PBXFileReference; lastKnownFileType = sourcecode.swift; path = HomePageView.swift; sourceTree = "<group>"; };
		526F57D62A82F2E60044F8C6 /* CartProductView.swift */ = {isa = PBXFileReference; lastKnownFileType = sourcecode.swift; path = CartProductView.swift; sourceTree = "<group>"; };
		526F57D82A82F6980044F8C6 /* CardView.swift */ = {isa = PBXFileReference; lastKnownFileType = sourcecode.swift; path = CardView.swift; sourceTree = "<group>"; };
		526F57DA2A82FB7E0044F8C6 /* PaymentButton.swift */ = {isa = PBXFileReference; lastKnownFileType = sourcecode.swift; path = PaymentButton.swift; sourceTree = "<group>"; };
		526F57DC2A83B2760044F8C6 /* ProductDetialsView.swift */ = {isa = PBXFileReference; lastKnownFileType = sourcecode.swift; path = ProductDetialsView.swift; sourceTree = "<group>"; };
/* End PBXFileReference section */

/* Begin PBXFrameworksBuildPhase section */
		526191022A819D5B0026F4C8 /* Frameworks */ = {
			isa = PBXFrameworksBuildPhase;
			buildActionMask = 2147483647;
			files = (
			);
			runOnlyForDeploymentPostprocessing = 0;
		};
		526191122A819D600026F4C8 /* Frameworks */ = {
			isa = PBXFrameworksBuildPhase;
			buildActionMask = 2147483647;
			files = (
			);
			runOnlyForDeploymentPostprocessing = 0;
		};
		5261911C2A819D610026F4C8 /* Frameworks */ = {
			isa = PBXFrameworksBuildPhase;
			buildActionMask = 2147483647;
			files = (
			);
			runOnlyForDeploymentPostprocessing = 0;
		};
/* End PBXFrameworksBuildPhase section */

/* Begin PBXGroup section */
		526190FC2A819D5B0026F4C8 = {
			isa = PBXGroup;
			children = (
				526191072A819D5B0026F4C8 /* E-comApp */,
				526191182A819D600026F4C8 /* E-comAppTests */,
				526191222A819D610026F4C8 /* E-comAppUITests */,
				526191062A819D5B0026F4C8 /* Products */,
			);
			sourceTree = "<group>";
		};
		526191062A819D5B0026F4C8 /* Products */ = {
			isa = PBXGroup;
			children = (
				526191052A819D5B0026F4C8 /* E-comApp.app */,
				526191152A819D600026F4C8 /* E-comAppTests.xctest */,
				5261911F2A819D610026F4C8 /* E-comAppUITests.xctest */,
			);
			name = Products;
			sourceTree = "<group>";
		};
		526191072A819D5B0026F4C8 /* E-comApp */ = {
			isa = PBXGroup;
			children = (
				526191352A8294900026F4C8 /* components */,
				526191082A819D5B0026F4C8 /* E_comAppApp.swift */,
				526191402A82B3CE0026F4C8 /* Views */,
				526191322A828BD40026F4C8 /* Models */,
				5261910C2A819D600026F4C8 /* Assets.xcassets */,
				5261910E2A819D600026F4C8 /* Preview Content */,
				5261913C2A829D3F0026F4C8 /* CartManager.swift */,
			);
			path = "E-comApp";
			sourceTree = "<group>";
		};
		5261910E2A819D600026F4C8 /* Preview Content */ = {
			isa = PBXGroup;
			children = (
				5261910F2A819D600026F4C8 /* Preview Assets.xcassets */,
			);
			path = "Preview Content";
			sourceTree = "<group>";
		};
		526191182A819D600026F4C8 /* E-comAppTests */ = {
			isa = PBXGroup;
			children = (
				526191192A819D600026F4C8 /* E_comAppTests.swift */,
			);
			path = "E-comAppTests";
			sourceTree = "<group>";
		};
		526191222A819D610026F4C8 /* E-comAppUITests */ = {
			isa = PBXGroup;
			children = (
				526191232A819D610026F4C8 /* E_comAppUITests.swift */,
				526191252A819D610026F4C8 /* E_comAppUITestsLaunchTests.swift */,
			);
			path = "E-comAppUITests";
			sourceTree = "<group>";
		};
		526191322A828BD40026F4C8 /* Models */ = {
			isa = PBXGroup;
			children = (
				526191332A828BFE0026F4C8 /* Product.swift */,
			);
			path = Models;
			sourceTree = "<group>";
		};
		526191352A8294900026F4C8 /* components */ = {
			isa = PBXGroup;
			children = (
				526191362A8294EB0026F4C8 /* ImageSlideView.swift */,
				526191382A829AAA0026F4C8 /* ProductCardView.swift */,
				5261913A2A829AB70026F4C8 /* SearchView.swift */,
				5261913E2A82ADDF0026F4C8 /* CartButton.swift */,
				526F57D62A82F2E60044F8C6 /* CartProductView.swift */,
				526F57DA2A82FB7E0044F8C6 /* PaymentButton.swift */,
			);
			path = components;
			sourceTree = "<group>";
		};
		526191402A82B3CE0026F4C8 /* Views */ = {
			isa = PBXGroup;
			children = (
				5261910A2A819D5B0026F4C8 /* ContentView.swift */,
				526191412A82B4070026F4C8 /* HomePageView.swift */,
				526F57D82A82F6980044F8C6 /* CardView.swift */,
				526F57DC2A83B2760044F8C6 /* ProductDetialsView.swift */,
			);
			path = Views;
			sourceTree = "<group>";
		};
/* End PBXGroup section */

/* Begin PBXNativeTarget section */
		526191042A819D5B0026F4C8 /* E-comApp */ = {
			isa = PBXNativeTarget;
			buildConfigurationList = 526191292A819D610026F4C8 /* Build configuration list for PBXNativeTarget "E-comApp" */;
			buildPhases = (
				526191012A819D5B0026F4C8 /* Sources */,
				526191022A819D5B0026F4C8 /* Frameworks */,
				526191032A819D5B0026F4C8 /* Resources */,
			);
			buildRules = (
			);
			dependencies = (
			);
			name = "E-comApp";
			productName = "E-comApp";
			productReference = 526191052A819D5B0026F4C8 /* E-comApp.app */;
			productType = "com.apple.product-type.application";
		};
		526191142A819D600026F4C8 /* E-comAppTests */ = {
			isa = PBXNativeTarget;
			buildConfigurationList = 5261912C2A819D610026F4C8 /* Build configuration list for PBXNativeTarget "E-comAppTests" */;
			buildPhases = (
				526191112A819D600026F4C8 /* Sources */,
				526191122A819D600026F4C8 /* Frameworks */,
				526191132A819D600026F4C8 /* Resources */,
			);
			buildRules = (
			);
			dependencies = (
				526191172A819D600026F4C8 /* PBXTargetDependency */,
			);
			name = "E-comAppTests";
			productName = "E-comAppTests";
			productReference = 526191152A819D600026F4C8 /* E-comAppTests.xctest */;
			productType = "com.apple.product-type.bundle.unit-test";
		};
		5261911E2A819D610026F4C8 /* E-comAppUITests */ = {
			isa = PBXNativeTarget;
			buildConfigurationList = 5261912F2A819D610026F4C8 /* Build configuration list for PBXNativeTarget "E-comAppUITests" */;
			buildPhases = (
				5261911B2A819D610026F4C8 /* Sources */,
				5261911C2A819D610026F4C8 /* Frameworks */,
				5261911D2A819D610026F4C8 /* Resources */,
			);
			buildRules = (
			);
			dependencies = (
				526191212A819D610026F4C8 /* PBXTargetDependency */,
			);
			name = "E-comAppUITests";
			productName = "E-comAppUITests";
			productReference = 5261911F2A819D610026F4C8 /* E-comAppUITests.xctest */;
			productType = "com.apple.product-type.bundle.ui-testing";
		};
/* End PBXNativeTarget section */

/* Begin PBXProject section */
		526190FD2A819D5B0026F4C8 /* Project object */ = {
			isa = PBXProject;
			attributes = {
				BuildIndependentTargetsInParallel = 1;
				LastSwiftUpdateCheck = 1420;
				LastUpgradeCheck = 1420;
				TargetAttributes = {
					526191042A819D5B0026F4C8 = {
						CreatedOnToolsVersion = 14.2;
					};
					526191142A819D600026F4C8 = {
						CreatedOnToolsVersion = 14.2;
						TestTargetID = 526191042A819D5B0026F4C8;
					};
					5261911E2A819D610026F4C8 = {
						CreatedOnToolsVersion = 14.2;
						TestTargetID = 526191042A819D5B0026F4C8;
					};
				};
			};
			buildConfigurationList = 526191002A819D5B0026F4C8 /* Build configuration list for PBXProject "E-comApp" */;
			compatibilityVersion = "Xcode 14.0";
			developmentRegion = en;
			hasScannedForEncodings = 0;
			knownRegions = (
				en,
				Base,
			);
			mainGroup = 526190FC2A819D5B0026F4C8;
			productRefGroup = 526191062A819D5B0026F4C8 /* Products */;
			projectDirPath = "";
			projectRoot = "";
			targets = (
				526191042A819D5B0026F4C8 /* E-comApp */,
				526191142A819D600026F4C8 /* E-comAppTests */,
				5261911E2A819D610026F4C8 /* E-comAppUITests */,
			);
		};
/* End PBXProject section */

/* Begin PBXResourcesBuildPhase section */
		526191032A819D5B0026F4C8 /* Resources */ = {
			isa = PBXResourcesBuildPhase;
			buildActionMask = 2147483647;
			files = (
				526191102A819D600026F4C8 /* Preview Assets.xcassets in Resources */,
				5261910D2A819D600026F4C8 /* Assets.xcassets in Resources */,
			);
			runOnlyForDeploymentPostprocessing = 0;
		};
		526191132A819D600026F4C8 /* Resources */ = {
			isa = PBXResourcesBuildPhase;
			buildActionMask = 2147483647;
			files = (
			);
			runOnlyForDeploymentPostprocessing = 0;
		};
		5261911D2A819D610026F4C8 /* Resources */ = {
			isa = PBXResourcesBuildPhase;
			buildActionMask = 2147483647;
			files = (
			);
			runOnlyForDeploymentPostprocessing = 0;
		};
/* End PBXResourcesBuildPhase section */

/* Begin PBXSourcesBuildPhase section */
		526191012A819D5B0026F4C8 /* Sources */ = {
			isa = PBXSourcesBuildPhase;
			buildActionMask = 2147483647;
			files = (
				526F57DB2A82FB7E0044F8C6 /* PaymentButton.swift in Sources */,
				5261910B2A819D5B0026F4C8 /* ContentView.swift in Sources */,
				5261913F2A82ADDF0026F4C8 /* CartButton.swift in Sources */,
				526191092A819D5B0026F4C8 /* E_comAppApp.swift in Sources */,
				5261913D2A829D3F0026F4C8 /* CartManager.swift in Sources */,
				526191372A8294EB0026F4C8 /* ImageSlideView.swift in Sources */,
				526191342A828BFE0026F4C8 /* Product.swift in Sources */,
				526F57D72A82F2E60044F8C6 /* CartProductView.swift in Sources */,
				5261913B2A829AB70026F4C8 /* SearchView.swift in Sources */,
				526F57DD2A83B2760044F8C6 /* ProductDetialsView.swift in Sources */,
				526191422A82B4070026F4C8 /* HomePageView.swift in Sources */,
				526F57D92A82F6980044F8C6 /* CardView.swift in Sources */,
				526191392A829AAA0026F4C8 /* ProductCardView.swift in Sources */,
			);
			runOnlyForDeploymentPostprocessing = 0;
		};
		526191112A819D600026F4C8 /* Sources */ = {
			isa = PBXSourcesBuildPhase;
			buildActionMask = 2147483647;
			files = (
				5261911A2A819D600026F4C8 /* E_comAppTests.swift in Sources */,
			);
			runOnlyForDeploymentPostprocessing = 0;
		};
		5261911B2A819D610026F4C8 /* Sources */ = {
			isa = PBXSourcesBuildPhase;
			buildActionMask = 2147483647;
			files = (
				526191262A819D610026F4C8 /* E_comAppUITestsLaunchTests.swift in Sources */,
				526191242A819D610026F4C8 /* E_comAppUITests.swift in Sources */,
			);
			runOnlyForDeploymentPostprocessing = 0;
		};
/* End PBXSourcesBuildPhase section */

/* Begin PBXTargetDependency section */
		526191172A819D600026F4C8 /* PBXTargetDependency */ = {
			isa = PBXTargetDependency;
			target = 526191042A819D5B0026F4C8 /* E-comApp */;
			targetProxy = 526191162A819D600026F4C8 /* PBXContainerItemProxy */;
		};
		526191212A819D610026F4C8 /* PBXTargetDependency */ = {
			isa = PBXTargetDependency;
			target = 526191042A819D5B0026F4C8 /* E-comApp */;
			targetProxy = 526191202A819D610026F4C8 /* PBXContainerItemProxy */;
		};
/* End PBXTargetDependency section */

/* Begin XCBuildConfiguration section */
		526191272A819D610026F4C8 /* Debug */ = {
			isa = XCBuildConfiguration;
			buildSettings = {
				ALWAYS_SEARCH_USER_PATHS = NO;
				CLANG_ANALYZER_NONNULL = YES;
				CLANG_ANALYZER_NUMBER_OBJECT_CONVERSION = YES_AGGRESSIVE;
				CLANG_CXX_LANGUAGE_STANDARD = "gnu++20";
				CLANG_ENABLE_MODULES = YES;
				CLANG_ENABLE_OBJC_ARC = YES;
				CLANG_ENABLE_OBJC_WEAK = YES;
				CLANG_WARN_BLOCK_CAPTURE_AUTORELEASING = YES;
				CLANG_WARN_BOOL_CONVERSION = YES;
				CLANG_WARN_COMMA = YES;
				CLANG_WARN_CONSTANT_CONVERSION = YES;
				CLANG_WARN_DEPRECATED_OBJC_IMPLEMENTATIONS = YES;
				CLANG_WARN_DIRECT_OBJC_ISA_USAGE = YES_ERROR;
				CLANG_WARN_DOCUMENTATION_COMMENTS = YES;
				CLANG_WARN_EMPTY_BODY = YES;
				CLANG_WARN_ENUM_CONVERSION = YES;
				CLANG_WARN_INFINITE_RECURSION = YES;
				CLANG_WARN_INT_CONVERSION = YES;
				CLANG_WARN_NON_LITERAL_NULL_CONVERSION = YES;
				CLANG_WARN_OBJC_IMPLICIT_RETAIN_SELF = YES;
				CLANG_WARN_OBJC_LITERAL_CONVERSION = YES;
				CLANG_WARN_OBJC_ROOT_CLASS = YES_ERROR;
				CLANG_WARN_QUOTED_INCLUDE_IN_FRAMEWORK_HEADER = YES;
				CLANG_WARN_RANGE_LOOP_ANALYSIS = YES;
				CLANG_WARN_STRICT_PROTOTYPES = YES;
				CLANG_WARN_SUSPICIOUS_MOVE = YES;
				CLANG_WARN_UNGUARDED_AVAILABILITY = YES_AGGRESSIVE;
				CLANG_WARN_UNREACHABLE_CODE = YES;
				CLANG_WARN__DUPLICATE_METHOD_MATCH = YES;
				COPY_PHASE_STRIP = NO;
				DEBUG_INFORMATION_FORMAT = dwarf;
				ENABLE_STRICT_OBJC_MSGSEND = YES;
				ENABLE_TESTABILITY = YES;
				GCC_C_LANGUAGE_STANDARD = gnu11;
				GCC_DYNAMIC_NO_PIC = NO;
				GCC_NO_COMMON_BLOCKS = YES;
				GCC_OPTIMIZATION_LEVEL = 0;
				GCC_PREPROCESSOR_DEFINITIONS = (
					"DEBUG=1",
					"$(inherited)",
				);
				GCC_WARN_64_TO_32_BIT_CONVERSION = YES;
				GCC_WARN_ABOUT_RETURN_TYPE = YES_ERROR;
				GCC_WARN_UNDECLARED_SELECTOR = YES;
				GCC_WARN_UNINITIALIZED_AUTOS = YES_AGGRESSIVE;
				GCC_WARN_UNUSED_FUNCTION = YES;
				GCC_WARN_UNUSED_VARIABLE = YES;
				IPHONEOS_DEPLOYMENT_TARGET = 16.2;
				MTL_ENABLE_DEBUG_INFO = INCLUDE_SOURCE;
				MTL_FAST_MATH = YES;
				ONLY_ACTIVE_ARCH = YES;
				SDKROOT = iphoneos;
				SWIFT_ACTIVE_COMPILATION_CONDITIONS = DEBUG;
				SWIFT_OPTIMIZATION_LEVEL = "-Onone";
			};
			name = Debug;
		};
		526191282A819D610026F4C8 /* Release */ = {
			isa = XCBuildConfiguration;
			buildSettings = {
				ALWAYS_SEARCH_USER_PATHS = NO;
				CLANG_ANALYZER_NONNULL = YES;
				CLANG_ANALYZER_NUMBER_OBJECT_CONVERSION = YES_AGGRESSIVE;
				CLANG_CXX_LANGUAGE_STANDARD = "gnu++20";
				CLANG_ENABLE_MODULES = YES;
				CLANG_ENABLE_OBJC_ARC = YES;
				CLANG_ENABLE_OBJC_WEAK = YES;
				CLANG_WARN_BLOCK_CAPTURE_AUTORELEASING = YES;
				CLANG_WARN_BOOL_CONVERSION = YES;
				CLANG_WARN_COMMA = YES;
				CLANG_WARN_CONSTANT_CONVERSION = YES;
				CLANG_WARN_DEPRECATED_OBJC_IMPLEMENTATIONS = YES;
				CLANG_WARN_DIRECT_OBJC_ISA_USAGE = YES_ERROR;
				CLANG_WARN_DOCUMENTATION_COMMENTS = YES;
				CLANG_WARN_EMPTY_BODY = YES;
				CLANG_WARN_ENUM_CONVERSION = YES;
				CLANG_WARN_INFINITE_RECURSION = YES;
				CLANG_WARN_INT_CONVERSION = YES;
				CLANG_WARN_NON_LITERAL_NULL_CONVERSION = YES;
				CLANG_WARN_OBJC_IMPLICIT_RETAIN_SELF = YES;
				CLANG_WARN_OBJC_LITERAL_CONVERSION = YES;
				CLANG_WARN_OBJC_ROOT_CLASS = YES_ERROR;
				CLANG_WARN_QUOTED_INCLUDE_IN_FRAMEWORK_HEADER = YES;
				CLANG_WARN_RANGE_LOOP_ANALYSIS = YES;
				CLANG_WARN_STRICT_PROTOTYPES = YES;
				CLANG_WARN_SUSPICIOUS_MOVE = YES;
				CLANG_WARN_UNGUARDED_AVAILABILITY = YES_AGGRESSIVE;
				CLANG_WARN_UNREACHABLE_CODE = YES;
				CLANG_WARN__DUPLICATE_METHOD_MATCH = YES;
				COPY_PHASE_STRIP = NO;
				DEBUG_INFORMATION_FORMAT = "dwarf-with-dsym";
				ENABLE_NS_ASSERTIONS = NO;
				ENABLE_STRICT_OBJC_MSGSEND = YES;
				GCC_C_LANGUAGE_STANDARD = gnu11;
				GCC_NO_COMMON_BLOCKS = YES;
				GCC_WARN_64_TO_32_BIT_CONVERSION = YES;
				GCC_WARN_ABOUT_RETURN_TYPE = YES_ERROR;
				GCC_WARN_UNDECLARED_SELECTOR = YES;
				GCC_WARN_UNINITIALIZED_AUTOS = YES_AGGRESSIVE;
				GCC_WARN_UNUSED_FUNCTION = YES;
				GCC_WARN_UNUSED_VARIABLE = YES;
				IPHONEOS_DEPLOYMENT_TARGET = 16.2;
				MTL_ENABLE_DEBUG_INFO = NO;
				MTL_FAST_MATH = YES;
				SDKROOT = iphoneos;
				SWIFT_COMPILATION_MODE = wholemodule;
				SWIFT_OPTIMIZATION_LEVEL = "-O";
				VALIDATE_PRODUCT = YES;
			};
			name = Release;
		};
		5261912A2A819D610026F4C8 /* Debug */ = {
			isa = XCBuildConfiguration;
			buildSettings = {
				ASSETCATALOG_COMPILER_APPICON_NAME = AppIcon;
				ASSETCATALOG_COMPILER_GLOBAL_ACCENT_COLOR_NAME = AccentColor;
				CODE_SIGN_STYLE = Automatic;
				CURRENT_PROJECT_VERSION = 1;
				DEVELOPMENT_ASSET_PATHS = "\"E-comApp/Preview Content\"";
				DEVELOPMENT_TEAM = NGPSQV4UA8;
				ENABLE_PREVIEWS = YES;
				GENERATE_INFOPLIST_FILE = YES;
				INFOPLIST_KEY_UIApplicationSceneManifest_Generation = YES;
				INFOPLIST_KEY_UIApplicationSupportsIndirectInputEvents = YES;
				INFOPLIST_KEY_UILaunchScreen_Generation = YES;
				INFOPLIST_KEY_UISupportedInterfaceOrientations_iPad = "UIInterfaceOrientationPortrait UIInterfaceOrientationPortraitUpsideDown UIInterfaceOrientationLandscapeLeft UIInterfaceOrientationLandscapeRight";
				INFOPLIST_KEY_UISupportedInterfaceOrientations_iPhone = "UIInterfaceOrientationPortrait UIInterfaceOrientationLandscapeLeft UIInterfaceOrientationLandscapeRight";
				LD_RUNPATH_SEARCH_PATHS = (
					"$(inherited)",
					"@executable_path/Frameworks",
				);
				MARKETING_VERSION = 1.0;
				PRODUCT_BUNDLE_IDENTIFIER = "fakharaldin.E-comApp";
				PRODUCT_NAME = "$(TARGET_NAME)";
				SWIFT_EMIT_LOC_STRINGS = YES;
				SWIFT_VERSION = 5.0;
				TARGETED_DEVICE_FAMILY = "1,2";
			};
			name = Debug;
		};
		5261912B2A819D610026F4C8 /* Release */ = {
			isa = XCBuildConfiguration;
			buildSettings = {
				ASSETCATALOG_COMPILER_APPICON_NAME = AppIcon;
				ASSETCATALOG_COMPILER_GLOBAL_ACCENT_COLOR_NAME = AccentColor;
				CODE_SIGN_STYLE = Automatic;
				CURRENT_PROJECT_VERSION = 1;
				DEVELOPMENT_ASSET_PATHS = "\"E-comApp/Preview Content\"";
				DEVELOPMENT_TEAM = NGPSQV4UA8;
				ENABLE_PREVIEWS = YES;
				GENERATE_INFOPLIST_FILE = YES;
				INFOPLIST_KEY_UIApplicationSceneManifest_Generation = YES;
				INFOPLIST_KEY_UIApplicationSupportsIndirectInputEvents = YES;
				INFOPLIST_KEY_UILaunchScreen_Generation = YES;
				INFOPLIST_KEY_UISupportedInterfaceOrientations_iPad = "UIInterfaceOrientationPortrait UIInterfaceOrientationPortraitUpsideDown UIInterfaceOrientationLandscapeLeft UIInterfaceOrientationLandscapeRight";
				INFOPLIST_KEY_UISupportedInterfaceOrientations_iPhone = "UIInterfaceOrientationPortrait UIInterfaceOrientationLandscapeLeft UIInterfaceOrientationLandscapeRight";
				LD_RUNPATH_SEARCH_PATHS = (
					"$(inherited)",
					"@executable_path/Frameworks",
				);
				MARKETING_VERSION = 1.0;
				PRODUCT_BUNDLE_IDENTIFIER = "fakharaldin.E-comApp";
				PRODUCT_NAME = "$(TARGET_NAME)";
				SWIFT_EMIT_LOC_STRINGS = YES;
				SWIFT_VERSION = 5.0;
				TARGETED_DEVICE_FAMILY = "1,2";
			};
			name = Release;
		};
		5261912D2A819D610026F4C8 /* Debug */ = {
			isa = XCBuildConfiguration;
			buildSettings = {
				ALWAYS_EMBED_SWIFT_STANDARD_LIBRARIES = YES;
				BUNDLE_LOADER = "$(TEST_HOST)";
				CODE_SIGN_STYLE = Automatic;
				CURRENT_PROJECT_VERSION = 1;
				DEVELOPMENT_TEAM = NGPSQV4UA8;
				GENERATE_INFOPLIST_FILE = YES;
				IPHONEOS_DEPLOYMENT_TARGET = 16.2;
				MARKETING_VERSION = 1.0;
				PRODUCT_BUNDLE_IDENTIFIER = "fakharaldin.E-comAppTests";
				PRODUCT_NAME = "$(TARGET_NAME)";
				SWIFT_EMIT_LOC_STRINGS = NO;
				SWIFT_VERSION = 5.0;
				TARGETED_DEVICE_FAMILY = "1,2";
				TEST_HOST = "$(BUILT_PRODUCTS_DIR)/E-comApp.app/$(BUNDLE_EXECUTABLE_FOLDER_PATH)/E-comApp";
			};
			name = Debug;
		};
		5261912E2A819D610026F4C8 /* Release */ = {
			isa = XCBuildConfiguration;
			buildSettings = {
				ALWAYS_EMBED_SWIFT_STANDARD_LIBRARIES = YES;
				BUNDLE_LOADER = "$(TEST_HOST)";
				CODE_SIGN_STYLE = Automatic;
				CURRENT_PROJECT_VERSION = 1;
				DEVELOPMENT_TEAM = NGPSQV4UA8;
				GENERATE_INFOPLIST_FILE = YES;
				IPHONEOS_DEPLOYMENT_TARGET = 16.2;
				MARKETING_VERSION = 1.0;
				PRODUCT_BUNDLE_IDENTIFIER = "fakharaldin.E-comAppTests";
				PRODUCT_NAME = "$(TARGET_NAME)";
				SWIFT_EMIT_LOC_STRINGS = NO;
				SWIFT_VERSION = 5.0;
				TARGETED_DEVICE_FAMILY = "1,2";
				TEST_HOST = "$(BUILT_PRODUCTS_DIR)/E-comApp.app/$(BUNDLE_EXECUTABLE_FOLDER_PATH)/E-comApp";
			};
			name = Release;
		};
		526191302A819D610026F4C8 /* Debug */ = {
			isa = XCBuildConfiguration;
			buildSettings = {
				ALWAYS_EMBED_SWIFT_STANDARD_LIBRARIES = YES;
				CODE_SIGN_STYLE = Automatic;
				CURRENT_PROJECT_VERSION = 1;
				DEVELOPMENT_TEAM = NGPSQV4UA8;
				GENERATE_INFOPLIST_FILE = YES;
				MARKETING_VERSION = 1.0;
				PRODUCT_BUNDLE_IDENTIFIER = "fakharaldin.E-comAppUITests";
				PRODUCT_NAME = "$(TARGET_NAME)";
				SWIFT_EMIT_LOC_STRINGS = NO;
				SWIFT_VERSION = 5.0;
				TARGETED_DEVICE_FAMILY = "1,2";
				TEST_TARGET_NAME = "E-comApp";
			};
			name = Debug;
		};
		526191312A819D610026F4C8 /* Release */ = {
			isa = XCBuildConfiguration;
			buildSettings = {
				ALWAYS_EMBED_SWIFT_STANDARD_LIBRARIES = YES;
				CODE_SIGN_STYLE = Automatic;
				CURRENT_PROJECT_VERSION = 1;
				DEVELOPMENT_TEAM = NGPSQV4UA8;
				GENERATE_INFOPLIST_FILE = YES;
				MARKETING_VERSION = 1.0;
				PRODUCT_BUNDLE_IDENTIFIER = "fakharaldin.E-comAppUITests";
				PRODUCT_NAME = "$(TARGET_NAME)";
				SWIFT_EMIT_LOC_STRINGS = NO;
				SWIFT_VERSION = 5.0;
				TARGETED_DEVICE_FAMILY = "1,2";
				TEST_TARGET_NAME = "E-comApp";
			};
			name = Release;
		};
/* End XCBuildConfiguration section */

/* Begin XCConfigurationList section */
		526191002A819D5B0026F4C8 /* Build configuration list for PBXProject "E-comApp" */ = {
			isa = XCConfigurationList;
			buildConfigurations = (
				526191272A819D610026F4C8 /* Debug */,
				526191282A819D610026F4C8 /* Release */,
			);
			defaultConfigurationIsVisible = 0;
			defaultConfigurationName = Release;
		};
		526191292A819D610026F4C8 /* Build configuration list for PBXNativeTarget "E-comApp" */ = {
			isa = XCConfigurationList;
			buildConfigurations = (
				5261912A2A819D610026F4C8 /* Debug */,
				5261912B2A819D610026F4C8 /* Release */,
			);
			defaultConfigurationIsVisible = 0;
			defaultConfigurationName = Release;
		};
		5261912C2A819D610026F4C8 /* Build configuration list for PBXNativeTarget "E-comAppTests" */ = {
			isa = XCConfigurationList;
			buildConfigurations = (
				5261912D2A819D610026F4C8 /* Debug */,
				5261912E2A819D610026F4C8 /* Release */,
			);
			defaultConfigurationIsVisible = 0;
			defaultConfigurationName = Release;
		};
		5261912F2A819D610026F4C8 /* Build configuration list for PBXNativeTarget "E-comAppUITests" */ = {
			isa = XCConfigurationList;
			buildConfigurations = (
				526191302A819D610026F4C8 /* Debug */,
				526191312A819D610026F4C8 /* Release */,
			);
			defaultConfigurationIsVisible = 0;
			defaultConfigurationName = Release;
		};
/* End XCConfigurationList section */
	};
	rootObject = 526190FD2A819D5B0026F4C8 /* Project object */;
}
